
Microsoft Visual Studio Solution File, Format Version 12.00
# Visual Studio 15
Project("{FAE04EC0-301F-11D3-BF4B-00C04F79EFBC}") = "导弹追击", "导弹追击.csproj", "{DA40698B-5828-6F87-23D4-831F40EE2130}"
EndProject
Project("{FAE04EC0-301F-11D3-BF4B-00C04F79EFBC}") = "导弹追击.Editor", "导弹追击.Editor.csproj", "{5BB8F063-6192-AC02-88F1-1E2CF3E4187D}"
EndProject
Global
	GlobalSection(SolutionConfigurationPlatforms) = preSolution
		Debug|Any CPU = Debug|Any CPU
		Release|Any CPU = Release|Any CPU
	EndGlobalSection
	GlobalSection(ProjectConfigurationPlatforms) = postSolution
		{DA40698B-5828-6F87-23D4-831F40EE2130}.Debug|Any CPU.ActiveCfg = Debug|Any CPU
		{DA40698B-5828-6F87-23D4-831F40EE2130}.Debug|Any CPU.Build.0 = Debug|Any CPU
		{DA40698B-5828-6F87-23D4-831F40EE2130}.Release|Any CPU.ActiveCfg = Release|Any CPU
		{DA40698B-5828-6F87-23D4-831F40EE2130}.Release|Any CPU.Build.0 = Release|Any CPU
		{5BB8F063-6192-AC02-88F1-1E2CF3E4187D}.Debug|Any CPU.ActiveCfg = Debug|Any CPU
		{5BB8F063-6192-AC02-88F1-1E2CF3E4187D}.Debug|Any CPU.Build.0 = Debug|Any CPU
		{5BB8F063-6192-AC02-88F1-1E2CF3E4187D}.Release|Any CPU.ActiveCfg = Release|Any CPU
		{5BB8F063-6192-AC02-88F1-1E2CF3E4187D}.Release|Any CPU.Build.0 = Release|Any CPU
	EndGlobalSection
	GlobalSection(SolutionProperties) = preSolution
		HideSolutionNode = FALSE
	EndGlobalSection
EndGlobal
